
Microsoft Visual Studio Solution File, Format Version 12.00
# Visual Studio Version 17
VisualStudioVersion = 17.0.31903.59
MinimumVisualStudioVersion = 10.0.40219.1
Project("{FAE04EC0-301F-11D3-BF4B-00C04F79EFBC}") = "Common", "Common\Common.csproj", "{9602E49C-98AB-4CA2-9953-1F88370C962B}"
EndProject
Project("{2150E333-8FDC-42A3-9474-1A3956D46DE8}") = "Services", "Services", "{5854FF58-B8C5-05C6-5BF2-ACE42193F22B}"
EndProject
Project("{2150E333-8FDC-42A3-9474-1A3956D46DE8}") = "Users", "Users", "{7F5E4303-C61D-8574-96A4-AEBE3E9C691B}"
EndProject
Project("{2150E333-8FDC-42A3-9474-1A3956D46DE8}") = "API", "API", "{755C9177-6989-D515-0BCD-87C7FEE3B519}"
EndProject
Project("{FAE04EC0-301F-11D3-BF4B-00C04F79EFBC}") = "UsersApi", "Services\Users\API\UsersApi.csproj", "{D8605D8E-C905-471A-A539-4963CAC97FC1}"
EndProject
Project("{2150E333-8FDC-42A3-9474-1A3956D46DE8}") = "Application", "Application", "{2F0DEEA5-2F24-9029-AC18-BFB96E833494}"
EndProject
Project("{FAE04EC0-301F-11D3-BF4B-00C04F79EFBC}") = "UsersApplication", "Services\Users\Application\UsersApplication.csproj", "{45CD52ED-AF59-45E1-B03A-FEA59356C5B0}"
EndProject
Project("{2150E333-8FDC-42A3-9474-1A3956D46DE8}") = "Infrastructure", "Infrastructure", "{26DFFE4E-6085-370A-A33B-2B5D859A5E01}"
EndProject
Project("{FAE04EC0-301F-11D3-BF4B-00C04F79EFBC}") = "UsersInfrastructure", "Services\Users\Infrastructure\UsersInfrastructure.csproj", "{E44FDDA2-7639-417F-A8BA-461A481AF265}"
EndProject
Project("{2150E333-8FDC-42A3-9474-1A3956D46DE8}") = "Domain", "Domain", "{4A858315-3285-6F31-8C86-7FB3CF974870}"
EndProject
Project("{FAE04EC0-301F-11D3-BF4B-00C04F79EFBC}") = "UsersDomain", "Services\Users\Domain\UsersDomain.csproj", "{7AB2F18D-50C3-4BED-B305-91DEEF0F58EE}"
EndProject
Project("{2150E333-8FDC-42A3-9474-1A3956D46DE8}") = "Tests", "Tests", "{0AB3BF05-4346-4AA6-1389-037BE0695223}"
EndProject
Project("{2150E333-8FDC-42A3-9474-1A3956D46DE8}") = "Users", "Users", "{553D81D4-666B-BE26-75F9-480CB214ACEE}"
EndProject
Project("{2150E333-8FDC-42A3-9474-1A3956D46DE8}") = "Domain", "Domain", "{BED3DE3C-0F1E-21C5-1EDD-F6A65FDA4BBC}"
EndProject
Project("{FAE04EC0-301F-11D3-BF4B-00C04F79EFBC}") = "TestUsersDomain", "Tests\Users\Domain\TestUsersDomain.csproj", "{315C8FF2-25EB-4C6A-AF62-7435BD15541C}"
EndProject
Project("{2150E333-8FDC-42A3-9474-1A3956D46DE8}") = "Application", "Application", "{4FF13C13-6C0D-2C95-9AEF-F7848066FDEF}"
EndProject
Project("{FAE04EC0-301F-11D3-BF4B-00C04F79EFBC}") = "TestUsersApplication", "Tests\Users\Application\TestUsersApplication.csproj", "{8220C637-8016-4CE6-853F-0F78EA87A7D4}"
EndProject
Project("{2150E333-8FDC-42A3-9474-1A3956D46DE8}") = "Infrastructure", "Infrastructure", "{B55AF481-0CD1-77B2-3BD8-626099C00710}"
EndProject
Project("{FAE04EC0-301F-11D3-BF4B-00C04F79EFBC}") = "TestUsersInfrastructure", "Tests\Users\Infrastructure\TestUsersInfrastructure.csproj", "{5535564D-09B3-442C-A503-342A2845C8CD}"
EndProject
Global
	GlobalSection(SolutionConfigurationPlatforms) = preSolution
		Debug|Any CPU = Debug|Any CPU
		Debug|x64 = Debug|x64
		Debug|x86 = Debug|x86
		Release|Any CPU = Release|Any CPU
		Release|x64 = Release|x64
		Release|x86 = Release|x86
	EndGlobalSection
	GlobalSection(ProjectConfigurationPlatforms) = postSolution
		{9602E49C-98AB-4CA2-9953-1F88370C962B}.Debug|Any CPU.ActiveCfg = Debug|Any CPU
		{9602E49C-98AB-4CA2-9953-1F88370C962B}.Debug|Any CPU.Build.0 = Debug|Any CPU
		{9602E49C-98AB-4CA2-9953-1F88370C962B}.Debug|x64.ActiveCfg = Debug|Any CPU
		{9602E49C-98AB-4CA2-9953-1F88370C962B}.Debug|x64.Build.0 = Debug|Any CPU
		{9602E49C-98AB-4CA2-9953-1F88370C962B}.Debug|x86.ActiveCfg = Debug|Any CPU
		{9602E49C-98AB-4CA2-9953-1F88370C962B}.Debug|x86.Build.0 = Debug|Any CPU
		{9602E49C-98AB-4CA2-9953-1F88370C962B}.Release|Any CPU.ActiveCfg = Release|Any CPU
		{9602E49C-98AB-4CA2-9953-1F88370C962B}.Release|Any CPU.Build.0 = Release|Any CPU
		{9602E49C-98AB-4CA2-9953-1F88370C962B}.Release|x64.ActiveCfg = Release|Any CPU
		{9602E49C-98AB-4CA2-9953-1F88370C962B}.Release|x64.Build.0 = Release|Any CPU
		{9602E49C-98AB-4CA2-9953-1F88370C962B}.Release|x86.ActiveCfg = Release|Any CPU
		{9602E49C-98AB-4CA2-9953-1F88370C962B}.Release|x86.Build.0 = Release|Any CPU
		{D8605D8E-C905-471A-A539-4963CAC97FC1}.Debug|Any CPU.ActiveCfg = Debug|Any CPU
		{D8605D8E-C905-471A-A539-4963CAC97FC1}.Debug|Any CPU.Build.0 = Debug|Any CPU
		{D8605D8E-C905-471A-A539-4963CAC97FC1}.Debug|x64.ActiveCfg = Debug|Any CPU
		{D8605D8E-C905-471A-A539-4963CAC97FC1}.Debug|x64.Build.0 = Debug|Any CPU
		{D8605D8E-C905-471A-A539-4963CAC97FC1}.Debug|x86.ActiveCfg = Debug|Any CPU
		{D8605D8E-C905-471A-A539-4963CAC97FC1}.Debug|x86.Build.0 = Debug|Any CPU
		{D8605D8E-C905-471A-A539-4963CAC97FC1}.Release|Any CPU.ActiveCfg = Release|Any CPU
		{D8605D8E-C905-471A-A539-4963CAC97FC1}.Release|Any CPU.Build.0 = Release|Any CPU
		{D8605D8E-C905-471A-A539-4963CAC97FC1}.Release|x64.ActiveCfg = Release|Any CPU
		{D8605D8E-C905-471A-A539-4963CAC97FC1}.Release|x64.Build.0 = Release|Any CPU
		{D8605D8E-C905-471A-A539-4963CAC97FC1}.Release|x86.ActiveCfg = Release|Any CPU
		{D8605D8E-C905-471A-A539-4963CAC97FC1}.Release|x86.Build.0 = Release|Any CPU
		{45CD52ED-AF59-45E1-B03A-FEA59356C5B0}.Debug|Any CPU.ActiveCfg = Debug|Any CPU
		{45CD52ED-AF59-45E1-B03A-FEA59356C5B0}.Debug|Any CPU.Build.0 = Debug|Any CPU
		{45CD52ED-AF59-45E1-B03A-FEA59356C5B0}.Debug|x64.ActiveCfg = Debug|Any CPU
		{45CD52ED-AF59-45E1-B03A-FEA59356C5B0}.Debug|x64.Build.0 = Debug|Any CPU
		{45CD52ED-AF59-45E1-B03A-FEA59356C5B0}.Debug|x86.ActiveCfg = Debug|Any CPU
		{45CD52ED-AF59-45E1-B03A-FEA59356C5B0}.Debug|x86.Build.0 = Debug|Any CPU
		{45CD52ED-AF59-45E1-B03A-FEA59356C5B0}.Release|Any CPU.ActiveCfg = Release|Any CPU
		{45CD52ED-AF59-45E1-B03A-FEA59356C5B0}.Release|Any CPU.Build.0 = Release|Any CPU
		{45CD52ED-AF59-45E1-B03A-FEA59356C5B0}.Release|x64.ActiveCfg = Release|Any CPU
		{45CD52ED-AF59-45E1-B03A-FEA59356C5B0}.Release|x64.Build.0 = Release|Any CPU
		{45CD52ED-AF59-45E1-B03A-FEA59356C5B0}.Release|x86.ActiveCfg = Release|Any CPU
		{45CD52ED-AF59-45E1-B03A-FEA59356C5B0}.Release|x86.Build.0 = Release|Any CPU
		{E44FDDA2-7639-417F-A8BA-461A481AF265}.Debug|Any CPU.ActiveCfg = Debug|Any CPU
		{E44FDDA2-7639-417F-A8BA-461A481AF265}.Debug|Any CPU.Build.0 = Debug|Any CPU
		{E44FDDA2-7639-417F-A8BA-461A481AF265}.Debug|x64.ActiveCfg = Debug|Any CPU
		{E44FDDA2-7639-417F-A8BA-461A481AF265}.Debug|x64.Build.0 = Debug|Any CPU
		{E44FDDA2-7639-417F-A8BA-461A481AF265}.Debug|x86.ActiveCfg = Debug|Any CPU
		{E44FDDA2-7639-417F-A8BA-461A481AF265}.Debug|x86.Build.0 = Debug|Any CPU
		{E44FDDA2-7639-417F-A8BA-461A481AF265}.Release|Any CPU.ActiveCfg = Release|Any CPU
		{E44FDDA2-7639-417F-A8BA-461A481AF265}.Release|Any CPU.Build.0 = Release|Any CPU
		{E44FDDA2-7639-417F-A8BA-461A481AF265}.Release|x64.ActiveCfg = Release|Any CPU
		{E44FDDA2-7639-417F-A8BA-461A481AF265}.Release|x64.Build.0 = Release|Any CPU
		{E44FDDA2-7639-417F-A8BA-461A481AF265}.Release|x86.ActiveCfg = Release|Any CPU
		{E44FDDA2-7639-417F-A8BA-461A481AF265}.Release|x86.Build.0 = Release|Any CPU
		{7AB2F18D-50C3-4BED-B305-91DEEF0F58EE}.Debug|Any CPU.ActiveCfg = Debug|Any CPU
		{7AB2F18D-50C3-4BED-B305-91DEEF0F58EE}.Debug|Any CPU.Build.0 = Debug|Any CPU
		{7AB2F18D-50C3-4BED-B305-91DEEF0F58EE}.Debug|x64.ActiveCfg = Debug|Any CPU
		{7AB2F18D-50C3-4BED-B305-91DEEF0F58EE}.Debug|x64.Build.0 = Debug|Any CPU
		{7AB2F18D-50C3-4BED-B305-91DEEF0F58EE}.Debug|x86.ActiveCfg = Debug|Any CPU
		{7AB2F18D-50C3-4BED-B305-91DEEF0F58EE}.Debug|x86.Build.0 = Debug|Any CPU
		{7AB2F18D-50C3-4BED-B305-91DEEF0F58EE}.Release|Any CPU.ActiveCfg = Release|Any CPU
		{7AB2F18D-50C3-4BED-B305-91DEEF0F58EE}.Release|Any CPU.Build.0 = Release|Any CPU
		{7AB2F18D-50C3-4BED-B305-91DEEF0F58EE}.Release|x64.ActiveCfg = Release|Any CPU
		{7AB2F18D-50C3-4BED-B305-91DEEF0F58EE}.Release|x64.Build.0 = Release|Any CPU
		{7AB2F18D-50C3-4BED-B305-91DEEF0F58EE}.Release|x86.ActiveCfg = Release|Any CPU
		{7AB2F18D-50C3-4BED-B305-91DEEF0F58EE}.Release|x86.Build.0 = Release|Any CPU
		{315C8FF2-25EB-4C6A-AF62-7435BD15541C}.Debug|Any CPU.ActiveCfg = Debug|Any CPU
		{315C8FF2-25EB-4C6A-AF62-7435BD15541C}.Debug|Any CPU.Build.0 = Debug|Any CPU
		{315C8FF2-25EB-4C6A-AF62-7435BD15541C}.Debug|x64.ActiveCfg = Debug|Any CPU
		{315C8FF2-25EB-4C6A-AF62-7435BD15541C}.Debug|x64.Build.0 = Debug|Any CPU
		{315C8FF2-25EB-4C6A-AF62-7435BD15541C}.Debug|x86.ActiveCfg = Debug|Any CPU
		{315C8FF2-25EB-4C6A-AF62-7435BD15541C}.Debug|x86.Build.0 = Debug|Any CPU
		{315C8FF2-25EB-4C6A-AF62-7435BD15541C}.Release|Any CPU.ActiveCfg = Release|Any CPU
		{315C8FF2-25EB-4C6A-AF62-7435BD15541C}.Release|Any CPU.Build.0 = Release|Any CPU
		{315C8FF2-25EB-4C6A-AF62-7435BD15541C}.Release|x64.ActiveCfg = Release|Any CPU
		{315C8FF2-25EB-4C6A-AF62-7435BD15541C}.Release|x64.Build.0 = Release|Any CPU
		{315C8FF2-25EB-4C6A-AF62-7435BD15541C}.Release|x86.ActiveCfg = Release|Any CPU
		{315C8FF2-25EB-4C6A-AF62-7435BD15541C}.Release|x86.Build.0 = Release|Any CPU
		{8220C637-8016-4CE6-853F-0F78EA87A7D4}.Debug|Any CPU.ActiveCfg = Debug|Any CPU
		{8220C637-8016-4CE6-853F-0F78EA87A7D4}.Debug|Any CPU.Build.0 = Debug|Any CPU
		{8220C637-8016-4CE6-853F-0F78EA87A7D4}.Debug|x64.ActiveCfg = Debug|Any CPU
		{8220C637-8016-4CE6-853F-0F78EA87A7D4}.Debug|x64.Build.0 = Debug|Any CPU
		{8220C637-8016-4CE6-853F-0F78EA87A7D4}.Debug|x86.ActiveCfg = Debug|Any CPU
		{8220C637-8016-4CE6-853F-0F78EA87A7D4}.Debug|x86.Build.0 = Debug|Any CPU
		{8220C637-8016-4CE6-853F-0F78EA87A7D4}.Release|Any CPU.ActiveCfg = Release|Any CPU
		{8220C637-8016-4CE6-853F-0F78EA87A7D4}.Release|Any CPU.Build.0 = Release|Any CPU
		{8220C637-8016-4CE6-853F-0F78EA87A7D4}.Release|x64.ActiveCfg = Release|Any CPU
		{8220C637-8016-4CE6-853F-0F78EA87A7D4}.Release|x64.Build.0 = Release|Any CPU
		{8220C637-8016-4CE6-853F-0F78EA87A7D4}.Release|x86.ActiveCfg = Release|Any CPU
		{8220C637-8016-4CE6-853F-0F78EA87A7D4}.Release|x86.Build.0 = Release|Any CPU
		{5535564D-09B3-442C-A503-342A2845C8CD}.Debug|Any CPU.ActiveCfg = Debug|Any CPU
		{5535564D-09B3-442C-A503-342A2845C8CD}.Debug|Any CPU.Build.0 = Debug|Any CPU
		{5535564D-09B3-442C-A503-342A2845C8CD}.Debug|x64.ActiveCfg = Debug|Any CPU
		{5535564D-09B3-442C-A503-342A2845C8CD}.Debug|x64.Build.0 = Debug|Any CPU
		{5535564D-09B3-442C-A503-342A2845C8CD}.Debug|x86.ActiveCfg = Debug|Any CPU
		{5535564D-09B3-442C-A503-342A2845C8CD}.Debug|x86.Build.0 = Debug|Any CPU
		{5535564D-09B3-442C-A503-342A2845C8CD}.Release|Any CPU.ActiveCfg = Release|Any CPU
		{5535564D-09B3-442C-A503-342A2845C8CD}.Release|Any CPU.Build.0 = Release|Any CPU
		{5535564D-09B3-442C-A503-342A2845C8CD}.Release|x64.ActiveCfg = Release|Any CPU
		{5535564D-09B3-442C-A503-342A2845C8CD}.Release|x64.Build.0 = Release|Any CPU
		{5535564D-09B3-442C-A503-342A2845C8CD}.Release|x86.ActiveCfg = Release|Any CPU
		{5535564D-09B3-442C-A503-342A2845C8CD}.Release|x86.Build.0 = Release|Any CPU
	EndGlobalSection
	GlobalSection(SolutionProperties) = preSolution
		HideSolutionNode = FALSE
	EndGlobalSection
	GlobalSection(NestedProjects) = preSolution
		{7F5E4303-C61D-8574-96A4-AEBE3E9C691B} = {5854FF58-B8C5-05C6-5BF2-ACE42193F22B}
		{755C9177-6989-D515-0BCD-87C7FEE3B519} = {7F5E4303-C61D-8574-96A4-AEBE3E9C691B}
		{D8605D8E-C905-471A-A539-4963CAC97FC1} = {755C9177-6989-D515-0BCD-87C7FEE3B519}
		{2F0DEEA5-2F24-9029-AC18-BFB96E833494} = {7F5E4303-C61D-8574-96A4-AEBE3E9C691B}
		{45CD52ED-AF59-45E1-B03A-FEA59356C5B0} = {2F0DEEA5-2F24-9029-AC18-BFB96E833494}
		{26DFFE4E-6085-370A-A33B-2B5D859A5E01} = {7F5E4303-C61D-8574-96A4-AEBE3E9C691B}
		{E44FDDA2-7639-417F-A8BA-461A481AF265} = {26DFFE4E-6085-370A-A33B-2B5D859A5E01}
		{4A858315-3285-6F31-8C86-7FB3CF974870} = {7F5E4303-C61D-8574-96A4-AEBE3E9C691B}
		{7AB2F18D-50C3-4BED-B305-91DEEF0F58EE} = {4A858315-3285-6F31-8C86-7FB3CF974870}
		{553D81D4-666B-BE26-75F9-480CB214ACEE} = {0AB3BF05-4346-4AA6-1389-037BE0695223}
		{BED3DE3C-0F1E-21C5-1EDD-F6A65FDA4BBC} = {553D81D4-666B-BE26-75F9-480CB214ACEE}
		{315C8FF2-25EB-4C6A-AF62-7435BD15541C} = {BED3DE3C-0F1E-21C5-1EDD-F6A65FDA4BBC}
		{4FF13C13-6C0D-2C95-9AEF-F7848066FDEF} = {553D81D4-666B-BE26-75F9-480CB214ACEE}
		{8220C637-8016-4CE6-853F-0F78EA87A7D4} = {4FF13C13-6C0D-2C95-9AEF-F7848066FDEF}
		{B55AF481-0CD1-77B2-3BD8-626099C00710} = {553D81D4-666B-BE26-75F9-480CB214ACEE}
		{5535564D-09B3-442C-A503-342A2845C8CD} = {B55AF481-0CD1-77B2-3BD8-626099C00710}
	EndGlobalSection
EndGlobal
